
Microsoft Visual Studio Solution File, Format Version 12.00
# Visual Studio Version 17
VisualStudioVersion = 17.9.34607.119
MinimumVisualStudioVersion = 10.0.40219.1
Project("{FAE04EC0-301F-11D3-BF4B-00C04F79EFBC}") = "Project1", "Project1\Project1.csproj", "{A21DDF68-9630-4039-B055-36345288E6A7}"
EndProject
Global
	GlobalSection(SolutionConfigurationPlatforms) = preSolution
		Debug|Any CPU = Debug|Any CPU
		Release|Any CPU = Release|Any CPU
	EndGlobalSection
	GlobalSection(ProjectConfigurationPlatforms) = postSolution
		{A21DDF68-9630-4039-B055-36345288E6A7}.Debug|Any CPU.ActiveCfg = Debug|Any CPU
		{A21DDF68-9630-4039-B055-36345288E6A7}.Debug|Any CPU.Build.0 = Debug|Any CPU
		{A21DDF68-9630-4039-B055-36345288E6A7}.Release|Any CPU.ActiveCfg = Release|Any CPU
		{A21DDF68-9630-4039-B055-36345288E6A7}.Release|Any CPU.Build.0 = Release|Any CPU
	EndGlobalSection
	GlobalSection(SolutionProperties) = preSolution
		HideSolutionNode = FALSE
	EndGlobalSection
	GlobalSection(ExtensibilityGlobals) = postSolution
		SolutionGuid = {759525CD-935C-4328-8E74-99AC5E60B1B9}
	EndGlobalSection
EndGlobal
